
Microsoft Visual Studio Solution File, Format Version 12.00
# Visual Studio 15
VisualStudioVersion = 15.0.27703.2042
MinimumVisualStudioVersion = 10.0.40219.1
Project("{8BC9CEB8-8B4A-11D0-8D11-00A0C91BC942}") = "Enigma", "Enigma\Enigma.vcxproj", "{149F280C-3AFF-4B2F-B69C-75A299625B7F}"
EndProject
Global
	GlobalSection(SolutionConfigurationPlatforms) = preSolution
		Debug|x64 = Debug|x64
		Debug|x86 = Debug|x86
		Release|x64 = Release|x64
		Release|x86 = Release|x86
	EndGlobalSection
	GlobalSection(ProjectConfigurationPlatforms) = postSolution
		{149F280C-3AFF-4B2F-B69C-75A299625B7F}.Debug|x64.ActiveCfg = Debug|x64
		{149F280C-3AFF-4B2F-B69C-75A299625B7F}.Debug|x64.Build.0 = Debug|x64
		{149F280C-3AFF-4B2F-B69C-75A299625B7F}.Debug|x86.ActiveCfg = Debug|Win32
		{149F280C-3AFF-4B2F-B69C-75A299625B7F}.Debug|x86.Build.0 = Debug|Win32
		{149F280C-3AFF-4B2F-B69C-75A299625B7F}.Release|x64.ActiveCfg = Release|x64
		{149F280C-3AFF-4B2F-B69C-75A299625B7F}.Release|x64.Build.0 = Release|x64
		{149F280C-3AFF-4B2F-B69C-75A299625B7F}.Release|x86.ActiveCfg = Release|Win32
		{149F280C-3AFF-4B2F-B69C-75A299625B7F}.Release|x86.Build.0 = Release|Win32
	EndGlobalSection
	GlobalSection(SolutionProperties) = preSolution
		HideSolutionNode = FALSE
	EndGlobalSection
	GlobalSection(ExtensibilityGlobals) = postSolution
		SolutionGuid = {292DD7B5-1340-42BE-A9E7-828E7D299B45}
	EndGlobalSection
EndGlobal
